Microsoft Visual Studio Solution File, Format Version 8.00
Project("{8BC9CEB8-8B4A-11D0-8D11-00A0C91BC942}") = "Proba_GUI", "Proba_GUI.vcproj", "{065BF3D7-1B61-4539-ADB6-00292FD98791}"
	ProjectSection(ProjectDependencies) = postProject
	EndProjectSection
EndProject
Global
	GlobalSection(SolutionConfiguration) = preSolution
		Debug = Debug
		Release = Release
	EndGlobalSection
	GlobalSection(ProjectConfiguration) = postSolution
		{065BF3D7-1B61-4539-ADB6-00292FD98791}.Debug.ActiveCfg = Debug|Win32
		{065BF3D7-1B61-4539-ADB6-00292FD98791}.Debug.Build.0 = Debug|Win32
		{065BF3D7-1B61-4539-ADB6-00292FD98791}.Release.ActiveCfg = Release|Win32
		{065BF3D7-1B61-4539-ADB6-00292FD98791}.Release.Build.0 = Release|Win32
	EndGlobalSection
	GlobalSection(ExtensibilityGlobals) = postSolution
	EndGlobalSection
	GlobalSection(ExtensibilityAddIns) = postSolution
	EndGlobalSection
EndGlobal
